
Microsoft Visual Studio Solution File, Format Version 12.00
# Visual Studio Version 17
VisualStudioVersion = 17.3.32825.248
MinimumVisualStudioVersion = 10.0.40219.1
Project("{FAE04EC0-301F-11D3-BF4B-00C04F79EFBC}") = "Overflow", "Overflow\Overflow.csproj", "{B13A5E38-B3B1-48E0-A1EB-262B1C5367CE}"
EndProject
Global
	GlobalSection(SolutionConfigurationPlatforms) = preSolution
		Debug|Any CPU = Debug|Any CPU
		Release|Any CPU = Release|Any CPU
	EndGlobalSection
	GlobalSection(ProjectConfigurationPlatforms) = postSolution
		{B13A5E38-B3B1-48E0-A1EB-262B1C5367CE}.Debug|Any CPU.ActiveCfg = Debug|Any CPU
		{B13A5E38-B3B1-48E0-A1EB-262B1C5367CE}.Debug|Any CPU.Build.0 = Debug|Any CPU
		{B13A5E38-B3B1-48E0-A1EB-262B1C5367CE}.Release|Any CPU.ActiveCfg = Release|Any CPU
		{B13A5E38-B3B1-48E0-A1EB-262B1C5367CE}.Release|Any CPU.Build.0 = Release|Any CPU
	EndGlobalSection
	GlobalSection(SolutionProperties) = preSolution
		HideSolutionNode = FALSE
	EndGlobalSection
	GlobalSection(ExtensibilityGlobals) = postSolution
		SolutionGuid = {89AE3593-82F0-4499-AD14-283BBD841E3F}
	EndGlobalSection
EndGlobal
